
Microsoft Visual Studio Solution File, Format Version 12.00
# Visual Studio Version 17
VisualStudioVersion = 17.0.31903.59
MinimumVisualStudioVersion = 10.0.40219.1
Project("{FAE04EC0-301F-11D3-BF4B-00C04F79EFBC}") = "DragonWarsTrainer", "src\DragonWarsTrainer\DragonWarsTrainer.csproj", "{A7E1C4D2-3F5B-4A6C-8D7E-9F0A1B2C3D4E}"
EndProject
Project("{FAE04EC0-301F-11D3-BF4B-00C04F79EFBC}") = "FormatCheck", "test\FormatCheck\FormatCheck.csproj", "{B8F2D5E3-4A6C-5B7D-9E8F-0A1B2C3D4E5F}"
EndProject
Project("{FAE04EC0-301F-11D3-BF4B-00C04F79EFBC}") = "GameTrainers.Common", "..\GameTrainers.Common\GameTrainers.Common.csproj", "{FC613122-ED75-44F0-B76E-EBB3D6C8C131}"
EndProject
Global
    GlobalSection(SolutionConfigurationPlatforms) = preSolution
        Debug|Any CPU = Debug|Any CPU
        Debug|x64 = Debug|x64
        Debug|x86 = Debug|x86
        Release|Any CPU = Release|Any CPU
        Release|x64 = Release|x64
        Release|x86 = Release|x86
    EndGlobalSection
    GlobalSection(ProjectConfigurationPlatforms) = postSolution
        {A7E1C4D2-3F5B-4A6C-8D7E-9F0A1B2C3D4E}.Debug|Any CPU.ActiveCfg = Debug|Any CPU
        {A7E1C4D2-3F5B-4A6C-8D7E-9F0A1B2C3D4E}.Debug|Any CPU.Build.0 = Debug|Any CPU
        {A7E1C4D2-3F5B-4A6C-8D7E-9F0A1B2C3D4E}.Debug|x64.ActiveCfg = Debug|Any CPU
        {A7E1C4D2-3F5B-4A6C-8D7E-9F0A1B2C3D4E}.Debug|x64.Build.0 = Debug|Any CPU
        {A7E1C4D2-3F5B-4A6C-8D7E-9F0A1B2C3D4E}.Debug|x86.ActiveCfg = Debug|Any CPU
        {A7E1C4D2-3F5B-4A6C-8D7E-9F0A1B2C3D4E}.Debug|x86.Build.0 = Debug|Any CPU
        {A7E1C4D2-3F5B-4A6C-8D7E-9F0A1B2C3D4E}.Release|Any CPU.ActiveCfg = Release|Any CPU
        {A7E1C4D2-3F5B-4A6C-8D7E-9F0A1B2C3D4E}.Release|Any CPU.Build.0 = Release|Any CPU
        {A7E1C4D2-3F5B-4A6C-8D7E-9F0A1B2C3D4E}.Release|x64.ActiveCfg = Release|Any CPU
        {A7E1C4D2-3F5B-4A6C-8D7E-9F0A1B2C3D4E}.Release|x64.Build.0 = Release|Any CPU
        {A7E1C4D2-3F5B-4A6C-8D7E-9F0A1B2C3D4E}.Release|x86.ActiveCfg = Release|Any CPU
        {A7E1C4D2-3F5B-4A6C-8D7E-9F0A1B2C3D4E}.Release|x86.Build.0 = Release|Any CPU
        {B8F2D5E3-4A6C-5B7D-9E8F-0A1B2C3D4E5F}.Debug|Any CPU.ActiveCfg = Debug|Any CPU
        {B8F2D5E3-4A6C-5B7D-9E8F-0A1B2C3D4E5F}.Debug|Any CPU.Build.0 = Debug|Any CPU
        {B8F2D5E3-4A6C-5B7D-9E8F-0A1B2C3D4E5F}.Debug|x64.ActiveCfg = Debug|Any CPU
        {B8F2D5E3-4A6C-5B7D-9E8F-0A1B2C3D4E5F}.Debug|x64.Build.0 = Debug|Any CPU
        {B8F2D5E3-4A6C-5B7D-9E8F-0A1B2C3D4E5F}.Debug|x86.ActiveCfg = Debug|Any CPU
        {B8F2D5E3-4A6C-5B7D-9E8F-0A1B2C3D4E5F}.Debug|x86.Build.0 = Debug|Any CPU
        {B8F2D5E3-4A6C-5B7D-9E8F-0A1B2C3D4E5F}.Release|Any CPU.ActiveCfg = Release|Any CPU
        {B8F2D5E3-4A6C-5B7D-9E8F-0A1B2C3D4E5F}.Release|Any CPU.Build.0 = Release|Any CPU
        {B8F2D5E3-4A6C-5B7D-9E8F-0A1B2C3D4E5F}.Release|x64.ActiveCfg = Release|Any CPU
        {B8F2D5E3-4A6C-5B7D-9E8F-0A1B2C3D4E5F}.Release|x64.Build.0 = Release|Any CPU
        {B8F2D5E3-4A6C-5B7D-9E8F-0A1B2C3D4E5F}.Release|x86.ActiveCfg = Release|Any CPU
        {B8F2D5E3-4A6C-5B7D-9E8F-0A1B2C3D4E5F}.Release|x86.Build.0 = Release|Any CPU
        {FC613122-ED75-44F0-B76E-EBB3D6C8C131}.Debug|Any CPU.ActiveCfg = Debug|Any CPU
        {FC613122-ED75-44F0-B76E-EBB3D6C8C131}.Debug|Any CPU.Build.0 = Debug|Any CPU
        {FC613122-ED75-44F0-B76E-EBB3D6C8C131}.Debug|x64.ActiveCfg = Debug|x64
        {FC613122-ED75-44F0-B76E-EBB3D6C8C131}.Debug|x64.Build.0 = Debug|x64
        {FC613122-ED75-44F0-B76E-EBB3D6C8C131}.Debug|x86.ActiveCfg = Debug|Any CPU
        {FC613122-ED75-44F0-B76E-EBB3D6C8C131}.Debug|x86.Build.0 = Debug|Any CPU
        {FC613122-ED75-44F0-B76E-EBB3D6C8C131}.Release|Any CPU.ActiveCfg = Release|Any CPU
        {FC613122-ED75-44F0-B76E-EBB3D6C8C131}.Release|Any CPU.Build.0 = Release|Any CPU
        {FC613122-ED75-44F0-B76E-EBB3D6C8C131}.Release|x64.ActiveCfg = Release|x64
        {FC613122-ED75-44F0-B76E-EBB3D6C8C131}.Release|x64.Build.0 = Release|x64
        {FC613122-ED75-44F0-B76E-EBB3D6C8C131}.Release|x86.ActiveCfg = Release|Any CPU
        {FC613122-ED75-44F0-B76E-EBB3D6C8C131}.Release|x86.Build.0 = Release|Any CPU
    EndGlobalSection
    GlobalSection(SolutionProperties) = preSolution
        HideSolutionNode = FALSE
    EndGlobalSection
EndGlobal
