
Microsoft Visual Studio Solution File, Format Version 12.00
# Visual Studio Version 17
VisualStudioVersion = 17.0.31903.59
MinimumVisualStudioVersion = 10.0.40219.1
Project("{FAE04EC0-301F-11D3-BF4B-00C04F79EFBC}") = "AirborneRangerTrainer", "src\AirborneRangerTrainer\AirborneRangerTrainer.csproj", "{5D2A4F91-8C63-4A72-B1E4-3F8D6C0A2B57}"
EndProject
Project("{FAE04EC0-301F-11D3-BF4B-00C04F79EFBC}") = "FormatCheck", "test\FormatCheck\FormatCheck.csproj", "{9E4C7B38-2D51-4F60-A8C3-6B71E0D4A925}"
EndProject
Project("{FAE04EC0-301F-11D3-BF4B-00C04F79EFBC}") = "GameTrainers.Common", "..\GameTrainers.Common\GameTrainers.Common.csproj", "{FC613122-ED75-44F0-B76E-EBB3D6C8C131}"
EndProject
Global
    GlobalSection(SolutionConfigurationPlatforms) = preSolution
        Debug|Any CPU = Debug|Any CPU
        Debug|x64 = Debug|x64
        Release|Any CPU = Release|Any CPU
        Release|x64 = Release|x64
    EndGlobalSection
    GlobalSection(ProjectConfigurationPlatforms) = postSolution
        {5D2A4F91-8C63-4A72-B1E4-3F8D6C0A2B57}.Debug|Any CPU.ActiveCfg = Debug|Any CPU
        {5D2A4F91-8C63-4A72-B1E4-3F8D6C0A2B57}.Debug|Any CPU.Build.0 = Debug|Any CPU
        {5D2A4F91-8C63-4A72-B1E4-3F8D6C0A2B57}.Debug|x64.ActiveCfg = Debug|x64
        {5D2A4F91-8C63-4A72-B1E4-3F8D6C0A2B57}.Debug|x64.Build.0 = Debug|x64
        {5D2A4F91-8C63-4A72-B1E4-3F8D6C0A2B57}.Release|Any CPU.ActiveCfg = Release|Any CPU
        {5D2A4F91-8C63-4A72-B1E4-3F8D6C0A2B57}.Release|Any CPU.Build.0 = Release|Any CPU
        {5D2A4F91-8C63-4A72-B1E4-3F8D6C0A2B57}.Release|x64.ActiveCfg = Release|x64
        {5D2A4F91-8C63-4A72-B1E4-3F8D6C0A2B57}.Release|x64.Build.0 = Release|x64
        {9E4C7B38-2D51-4F60-A8C3-6B71E0D4A925}.Debug|Any CPU.ActiveCfg = Debug|Any CPU
        {9E4C7B38-2D51-4F60-A8C3-6B71E0D4A925}.Debug|Any CPU.Build.0 = Debug|Any CPU
        {9E4C7B38-2D51-4F60-A8C3-6B71E0D4A925}.Debug|x64.ActiveCfg = Debug|Any CPU
        {9E4C7B38-2D51-4F60-A8C3-6B71E0D4A925}.Debug|x64.Build.0 = Debug|Any CPU
        {9E4C7B38-2D51-4F60-A8C3-6B71E0D4A925}.Release|Any CPU.ActiveCfg = Release|Any CPU
        {9E4C7B38-2D51-4F60-A8C3-6B71E0D4A925}.Release|Any CPU.Build.0 = Release|Any CPU
        {9E4C7B38-2D51-4F60-A8C3-6B71E0D4A925}.Release|x64.ActiveCfg = Release|Any CPU
        {9E4C7B38-2D51-4F60-A8C3-6B71E0D4A925}.Release|x64.Build.0 = Release|Any CPU
        {FC613122-ED75-44F0-B76E-EBB3D6C8C131}.Debug|Any CPU.ActiveCfg = Debug|Any CPU
        {FC613122-ED75-44F0-B76E-EBB3D6C8C131}.Debug|Any CPU.Build.0 = Debug|Any CPU
        {FC613122-ED75-44F0-B76E-EBB3D6C8C131}.Debug|x64.ActiveCfg = Debug|x64
        {FC613122-ED75-44F0-B76E-EBB3D6C8C131}.Debug|x64.Build.0 = Debug|x64
        {FC613122-ED75-44F0-B76E-EBB3D6C8C131}.Release|Any CPU.ActiveCfg = Release|Any CPU
        {FC613122-ED75-44F0-B76E-EBB3D6C8C131}.Release|Any CPU.Build.0 = Release|Any CPU
        {FC613122-ED75-44F0-B76E-EBB3D6C8C131}.Release|x64.ActiveCfg = Release|x64
        {FC613122-ED75-44F0-B76E-EBB3D6C8C131}.Release|x64.Build.0 = Release|x64
    EndGlobalSection
    GlobalSection(SolutionProperties) = preSolution
        HideSolutionNode = FALSE
    EndGlobalSection
EndGlobal
